// !$*UTF8*$!
{
	archiveVersion = 1;
	classes = {
	};
	objectVersion = 77;
	objects = {

/* Begin PBXContainerItemProxy section */
		C40AA57E2EBEDF4A00814384 /* PBXContainerItemProxy */ = {
			isa = PBXContainerItemProxy;
			containerPortal = C40AA55F2EBEDF4900814384 /* Project object */;
			proxyType = 1;
			remoteGlobalIDString = C40AA5662EBEDF4900814384;
			remoteInfo = Lootlogger;
		};
		C40AA5882EBEDF4A00814384 /* PBXContainerItemProxy */ = {
			isa = PBXContainerItemProxy;
			containerPortal = C40AA55F2EBEDF4900814384 /* Project object */;
			proxyType = 1;
			remoteGlobalIDString = C40AA5662EBEDF4900814384;
			remoteInfo = Lootlogger;
		};
/* End PBXContainerItemProxy section */

/* Begin PBXFileReference section */
		C40AA5672EBEDF4900814384 /* Lootlogger.app */ = {isa = PBXFileReference; explicitFileType = wrapper.application; includeInIndex = 0; path = Lootlogger.app; sourceTree = BUILT_PRODUCTS_DIR; };
		C40AA57D2EBEDF4A00814384 /* LootloggerTests.xctest */ = {isa = PBXFileReference; explicitFileType = wrapper.cfbundle; includeInIndex = 0; path = LootloggerTests.xctest; sourceTree = BUILT_PRODUCTS_DIR; };
		C40AA5872EBEDF4A00814384 /* LootloggerUITests.xctest */ = {isa = PBXFileReference; explicitFileType = wrapper.cfbundle; includeInIndex = 0; path = LootloggerUITests.xctest; sourceTree = BUILT_PRODUCTS_DIR; };
/* End PBXFileReference section */

/* Begin PBXFileSystemSynchronizedBuildFileExceptionSet section */
		C40AA58F2EBEDF4A00814384 /* Exceptions for "Lootlogger" folder in "Lootlogger" target */ = {
			isa = PBXFileSystemSynchronizedBuildFileExceptionSet;
			membershipExceptions = (
				Info.plist,
			);
			target = C40AA5662EBEDF4900814384 /* Lootlogger */;
		};
/* End PBXFileSystemSynchronizedBuildFileExceptionSet section */

/* Begin PBXFileSystemSynchronizedRootGroup section */
		C40AA5692EBEDF4900814384 /* Lootlogger */ = {
			isa = PBXFileSystemSynchronizedRootGroup;
			exceptions = (
				C40AA58F2EBEDF4A00814384 /* Exceptions for "Lootlogger" folder in "Lootlogger" target */,
			);
			path = Lootlogger;
			sourceTree = "<group>";
		};
		C40AA5802EBEDF4A00814384 /* LootloggerTests */ = {
			isa = PBXFileSystemSynchronizedRootGroup;
			path = LootloggerTests;
			sourceTree = "<group>";
		};
		C40AA58A2EBEDF4A00814384 /* LootloggerUITests */ = {
			isa = PBXFileSystemSynchronizedRootGroup;
			path = LootloggerUITests;
			sourceTree = "<group>";
		};
/* End PBXFileSystemSynchronizedRootGroup section */

/* Begin PBXFrameworksBuildPhase section */
		C40AA5642EBEDF4900814384 /* Frameworks */ = {
			isa = PBXFrameworksBuildPhase;
			buildActionMask = 2147483647;
			files = (
			);
			runOnlyForDeploymentPostprocessing = 0;
		};
		C40AA57A2EBEDF4A00814384 /* Frameworks */ = {
			isa = PBXFrameworksBuildPhase;
			buildActionMask = 2147483647;
			files = (
			);
			runOnlyForDeploymentPostprocessing = 0;
		};
		C40AA5842EBEDF4A00814384 /* Frameworks */ = {
			isa = PBXFrameworksBuildPhase;
			buildActionMask = 2147483647;
			files = (
			);
			runOnlyForDeploymentPostprocessing = 0;
		};
/* End PBXFrameworksBuildPhase section */

/* Begin PBXGroup section */
		C40AA55E2EBEDF4900814384 = {
			isa = PBXGroup;
			children = (
				C40AA5692EBEDF4900814384 /* Lootlogger */,
				C40AA5802EBEDF4A00814384 /* LootloggerTests */,
				C40AA58A2EBEDF4A00814384 /* LootloggerUITests */,
				C40AA5682EBEDF4900814384 /* Products */,
			);
			sourceTree = "<group>";
		};
		C40AA5682EBEDF4900814384 /* Products */ = {
			isa = PBXGroup;
			children = (
				C40AA5672EBEDF4900814384 /* Lootlogger.app */,
				C40AA57D2EBEDF4A00814384 /* LootloggerTests.xctest */,
				C40AA5872EBEDF4A00814384 /* LootloggerUITests.xctest */,
			);
			name = Products;
			sourceTree = "<group>";
		};
/* End PBXGroup section */

/* Begin PBXNativeTarget section */
		C40AA5662EBEDF4900814384 /* Lootlogger */ = {
			isa = PBXNativeTarget;
			buildConfigurationList = C40AA5902EBEDF4A00814384 /* Build configuration list for PBXNativeTarget "Lootlogger" */;
			buildPhases = (
				C40AA5632EBEDF4900814384 /* Sources */,
				C40AA5642EBEDF4900814384 /* Frameworks */,
				C40AA5652EBEDF4900814384 /* Resources */,
			);
			buildRules = (
			);
			dependencies = (
			);
			fileSystemSynchronizedGroups = (
				C40AA5692EBEDF4900814384 /* Lootlogger */,
			);
			name = Lootlogger;
			packageProductDependencies = (
			);
			productName = Lootlogger;
			productReference = C40AA5672EBEDF4900814384 /* Lootlogger.app */;
			productType = "com.apple.product-type.application";
		};
		C40AA57C2EBEDF4A00814384 /* LootloggerTests */ = {
			isa = PBXNativeTarget;
			buildConfigurationList = C40AA5952EBEDF4A00814384 /* Build configuration list for PBXNativeTarget "LootloggerTests" */;
			buildPhases = (
				C40AA5792EBEDF4A00814384 /* Sources */,
				C40AA57A2EBEDF4A00814384 /* Frameworks */,
				C40AA57B2EBEDF4A00814384 /* Resources */,
			);
			buildRules = (
			);
			dependencies = (
				C40AA57F2EBEDF4A00814384 /* PBXTargetDependency */,
			);
			fileSystemSynchronizedGroups = (
				C40AA5802EBEDF4A00814384 /* LootloggerTests */,
			);
			name = LootloggerTests;
			packageProductDependencies = (
			);
			productName = LootloggerTests;
			productReference = C40AA57D2EBEDF4A00814384 /* LootloggerTests.xctest */;
			productType = "com.apple.product-type.bundle.unit-test";
		};
		C40AA5862EBEDF4A00814384 /* LootloggerUITests */ = {
			isa = PBXNativeTarget;
			buildConfigurationList = C40AA5982EBEDF4A00814384 /* Build configuration list for PBXNativeTarget "LootloggerUITests" */;
			buildPhases = (
				C40AA5832EBEDF4A00814384 /* Sources */,
				C40AA5842EBEDF4A00814384 /* Frameworks */,
				C40AA5852EBEDF4A00814384 /* Resources */,
			);
			buildRules = (
			);
			dependencies = (
				C40AA5892EBEDF4A00814384 /* PBXTargetDependency */,
			);
			fileSystemSynchronizedGroups = (
				C40AA58A2EBEDF4A00814384 /* LootloggerUITests */,
			);
			name = LootloggerUITests;
			packageProductDependencies = (
			);
			productName = LootloggerUITests;
			productReference = C40AA5872EBEDF4A00814384 /* LootloggerUITests.xctest */;
			productType = "com.apple.product-type.bundle.ui-testing";
		};
/* End PBXNativeTarget section */

/* Begin PBXProject section */
		C40AA55F2EBEDF4900814384 /* Project object */ = {
			isa = PBXProject;
			attributes = {
				BuildIndependentTargetsInParallel = 1;
				LastSwiftUpdateCheck = 1620;
				LastUpgradeCheck = 1620;
				TargetAttributes = {
					C40AA5662EBEDF4900814384 = {
						CreatedOnToolsVersion = 16.2;
					};
					C40AA57C2EBEDF4A00814384 = {
						CreatedOnToolsVersion = 16.2;
						TestTargetID = C40AA5662EBEDF4900814384;
					};
					C40AA5862EBEDF4A00814384 = {
						CreatedOnToolsVersion = 16.2;
						TestTargetID = C40AA5662EBEDF4900814384;
					};
				};
			};
			buildConfigurationList = C40AA5622EBEDF4900814384 /* Build configuration list for PBXProject "Lootlogger" */;
			developmentRegion = en;
			hasScannedForEncodings = 0;
			knownRegions = (
				en,
				Base,
			);
			mainGroup = C40AA55E2EBEDF4900814384;
			minimizedProjectReferenceProxies = 1;
			preferredProjectObjectVersion = 77;
			productRefGroup = C40AA5682EBEDF4900814384 /* Products */;
			projectDirPath = "";
			projectRoot = "";
			targets = (
				C40AA5662EBEDF4900814384 /* Lootlogger */,
				C40AA57C2EBEDF4A00814384 /* LootloggerTests */,
				C40AA5862EBEDF4A00814384 /* LootloggerUITests */,
			);
		};
/* End PBXProject section */

/* Begin PBXResourcesBuildPhase section */
		C40AA5652EBEDF4900814384 /* Resources */ = {
			isa = PBXResourcesBuildPhase;
			buildActionMask = 2147483647;
			files = (
			);
			runOnlyForDeploymentPostprocessing = 0;
		};
		C40AA57B2EBEDF4A00814384 /* Resources */ = {
			isa = PBXResourcesBuildPhase;
			buildActionMask = 2147483647;
			files = (
			);
			runOnlyForDeploymentPostprocessing = 0;
		};
		C40AA5852EBEDF4A00814384 /* Resources */ = {
			isa = PBXResourcesBuildPhase;
			buildActionMask = 2147483647;
			files = (
			);
			runOnlyForDeploymentPostprocessing = 0;
		};
/* End PBXResourcesBuildPhase section */

/* Begin PBXSourcesBuildPhase section */
		C40AA5632EBEDF4900814384 /* Sources */ = {
			isa = PBXSourcesBuildPhase;
			buildActionMask = 2147483647;
			files = (
			);
			runOnlyForDeploymentPostprocessing = 0;
		};
		C40AA5792EBEDF4A00814384 /* Sources */ = {
			isa = PBXSourcesBuildPhase;
			buildActionMask = 2147483647;
			files = (
			);
			runOnlyForDeploymentPostprocessing = 0;
		};
		C40AA5832EBEDF4A00814384 /* Sources */ = {
			isa = PBXSourcesBuildPhase;
			buildActionMask = 2147483647;
			files = (
			);
			runOnlyForDeploymentPostprocessing = 0;
		};
/* End PBXSourcesBuildPhase section */

/* Begin PBXTargetDependency section */
		C40AA57F2EBEDF4A00814384 /* PBXTargetDependency */ = {
			isa = PBXTargetDependency;
			target = C40AA5662EBEDF4900814384 /* Lootlogger */;
			targetProxy = C40AA57E2EBEDF4A00814384 /* PBXContainerItemProxy */;
		};
		C40AA5892EBEDF4A00814384 /* PBXTargetDependency */ = {
			isa = PBXTargetDependency;
			target = C40AA5662EBEDF4900814384 /* Lootlogger */;
			targetProxy = C40AA5882EBEDF4A00814384 /* PBXContainerItemProxy */;
		};
/* End PBXTargetDependency section */

/* Begin XCBuildConfiguration section */
		C40AA5912EBEDF4A00814384 /* Debug */ = {
			isa = XCBuildConfiguration;
			buildSettings = {
				ASSETCATALOG_COMPILER_APPICON_NAME = AppIcon;
				ASSETCATALOG_COMPILER_GLOBAL_ACCENT_COLOR_NAME = AccentColor;
				CODE_SIGN_STYLE = Automatic;
				CURRENT_PROJECT_VERSION = 1;
				DEVELOPMENT_TEAM = LLASAA3684;
				GENERATE_INFOPLIST_FILE = YES;
				INFOPLIST_FILE = Lootlogger/Info.plist;
				INFOPLIST_KEY_UIApplicationSupportsIndirectInputEvents = YES;
				INFOPLIST_KEY_UILaunchStoryboardName = LaunchScreen;
				INFOPLIST_KEY_UIMainStoryboardFile = Main;
				INFOPLIST_KEY_UISupportedInterfaceOrientations_iPad = "UIInterfaceOrientationPortrait UIInterfaceOrientationPortraitUpsideDown UIInterfaceOrientationLandscapeLeft UIInterfaceOrientationLandscapeRight";
				INFOPLIST_KEY_UISupportedInterfaceOrientations_iPhone = "UIInterfaceOrientationPortrait UIInterfaceOrientationLandscapeLeft UIInterfaceOrientationLandscapeRight";
				LD_RUNPATH_SEARCH_PATHS = (
					"$(inherited)",
					"@executable_path/Frameworks",
				);
				MARKETING_VERSION = 1.0;
				PRODUCT_BUNDLE_IDENTIFIER = "-97.Lootlogger";
				PRODUCT_NAME = "$(TARGET_NAME)";
				SWIFT_EMIT_LOC_STRINGS = YES;
				SWIFT_VERSION = 5.0;
				TARGETED_DEVICE_FAMILY = "1,2";
			};
			name = Debug;
		};
		C40AA5922EBEDF4A00814384 /* Release */ = {
			isa = XCBuildConfiguration;
			buildSettings = {
				ASSETCATALOG_COMPILER_APPICON_NAME = AppIcon;
				ASSETCATALOG_COMPILER_GLOBAL_ACCENT_COLOR_NAME = AccentColor;
				CODE_SIGN_STYLE = Automatic;
				CURRENT_PROJECT_VERSION = 1;
				DEVELOPMENT_TEAM = LLASAA3684;
				GENERATE_INFOPLIST_FILE = YES;
				INFOPLIST_FILE = Lootlogger/Info.plist;
				INFOPLIST_KEY_UIApplicationSupportsIndirectInputEvents = YES;
				INFOPLIST_KEY_UILaunchStoryboardName = LaunchScreen;
				INFOPLIST_KEY_UIMainStoryboardFile = Main;
				INFOPLIST_KEY_UISupportedInterfaceOrientations_iPad = "UIInterfaceOrientationPortrait UIInterfaceOrientationPortraitUpsideDown UIInterfaceOrientationLandscapeLeft UIInterfaceOrientationLandscapeRight";
				INFOPLIST_KEY_UISupportedInterfaceOrientations_iPhone = "UIInterfaceOrientationPortrait UIInterfaceOrientationLandscapeLeft UIInterfaceOrientationLandscapeRight";
				LD_RUNPATH_SEARCH_PATHS = (
					"$(inherited)",
					"@executable_path/Frameworks",
				);
				MARKETING_VERSION = 1.0;
				PRODUCT_BUNDLE_IDENTIFIER = "-97.Lootlogger";
				PRODUCT_NAME = "$(TARGET_NAME)";
				SWIFT_EMIT_LOC_STRINGS = YES;
				SWIFT_VERSION = 5.0;
				TARGETED_DEVICE_FAMILY = "1,2";
			};
			name = Release;
		};
		C40AA5932EBEDF4A00814384 /* Debug */ = {
			isa = XCBuildConfiguration;
			buildSettings = {
				ALWAYS_SEARCH_USER_PATHS = NO;
				ASSETCATALOG_COMPILER_GENERATE_SWIFT_ASSET_SYMBOL_EXTENSIONS = YES;
				CLANG_ANALYZER_NONNULL = YES;
				CLANG_ANALYZER_NUMBER_OBJECT_CONVERSION = YES_AGGRESSIVE;
				CLANG_CXX_LANGUAGE_STANDARD = "gnu++20";
				CLANG_ENABLE_MODULES = YES;
				CLANG_ENABLE_OBJC_ARC = YES;
				CLANG_ENABLE_OBJC_WEAK = YES;
				CLANG_WARN_BLOCK_CAPTURE_AUTORELEASING = YES;
				CLANG_WARN_BOOL_CONVERSION = YES;
				CLANG_WARN_COMMA = YES;
				CLANG_WARN_CONSTANT_CONVERSION = YES;
				CLANG_WARN_DEPRECATED_OBJC_IMPLEMENTATIONS = YES;
				CLANG_WARN_DIRECT_OBJC_ISA_USAGE = YES_ERROR;
				CLANG_WARN_DOCUMENTATION_COMMENTS = YES;
				CLANG_WARN_EMPTY_BODY = YES;
				CLANG_WARN_ENUM_CONVERSION = YES;
				CLANG_WARN_INFINITE_RECURSION = YES;
				CLANG_WARN_INT_CONVERSION = YES;
				CLANG_WARN_NON_LITERAL_NULL_CONVERSION = YES;
				CLANG_WARN_OBJC_IMPLICIT_RETAIN_SELF = YES;
				CLANG_WARN_OBJC_LITERAL_CONVERSION = YES;
				CLANG_WARN_OBJC_ROOT_CLASS = YES_ERROR;
				CLANG_WARN_QUOTED_INCLUDE_IN_FRAMEWORK_HEADER = YES;
				CLANG_WARN_RANGE_LOOP_ANALYSIS = YES;
				CLANG_WARN_STRICT_PROTOTYPES = YES;
				CLANG_WARN_SUSPICIOUS_MOVE = YES;
				CLANG_WARN_UNGUARDED_AVAILABILITY = YES_AGGRESSIVE;
				CLANG_WARN_UNREACHABLE_CODE = YES;
				CLANG_WARN__DUPLICATE_METHOD_MATCH = YES;
				COPY_PHASE_STRIP = NO;
				DEBUG_INFORMATION_FORMAT = dwarf;
				ENABLE_STRICT_OBJC_MSGSEND = YES;
				ENABLE_TESTABILITY = YES;
				ENABLE_USER_SCRIPT_SANDBOXING = YES;
				GCC_C_LANGUAGE_STANDARD = gnu17;
				GCC_DYNAMIC_NO_PIC = NO;
				GCC_NO_COMMON_BLOCKS = YES;
				GCC_OPTIMIZATION_LEVEL = 0;
				GCC_PREPROCESSOR_DEFINITIONS = (
					"DEBUG=1",
					"$(inherited)",
				);
				GCC_WARN_64_TO_32_BIT_CONVERSION = YES;
				GCC_WARN_ABOUT_RETURN_TYPE = YES_ERROR;
				GCC_WARN_UNDECLARED_SELECTOR = YES;
				GCC_WARN_UNINITIALIZED_AUTOS = YES_AGGRESSIVE;
				GCC_WARN_UNUSED_FUNCTION = YES;
				GCC_WARN_UNUSED_VARIABLE = YES;
				IPHONEOS_DEPLOYMENT_TARGET = 18.2;
				LOCALIZATION_PREFERS_STRING_CATALOGS = YES;
				MTL_ENABLE_DEBUG_INFO = INCLUDE_SOURCE;
				MTL_FAST_MATH = YES;
				ONLY_ACTIVE_ARCH = YES;
				SDKROOT = iphoneos;
				SWIFT_ACTIVE_COMPILATION_CONDITIONS = "DEBUG $(inherited)";
				SWIFT_OPTIMIZATION_LEVEL = "-Onone";
			};
			name = Debug;
		};
		C40AA5942EBEDF4A00814384 /* Release */ = {
			isa = XCBuildConfiguration;
			buildSettings = {
				ALWAYS_SEARCH_USER_PATHS = NO;
				ASSETCATALOG_COMPILER_GENERATE_SWIFT_ASSET_SYMBOL_EXTENSIONS = YES;
				CLANG_ANALYZER_NONNULL = YES;
				CLANG_ANALYZER_NUMBER_OBJECT_CONVERSION = YES_AGGRESSIVE;
				CLANG_CXX_LANGUAGE_STANDARD = "gnu++20";
				CLANG_ENABLE_MODULES = YES;
				CLANG_ENABLE_OBJC_ARC = YES;
				CLANG_ENABLE_OBJC_WEAK = YES;
				CLANG_WARN_BLOCK_CAPTURE_AUTORELEASING = YES;
				CLANG_WARN_BOOL_CONVERSION = YES;
				CLANG_WARN_COMMA = YES;
				CLANG_WARN_CONSTANT_CONVERSION = YES;
				CLANG_WARN_DEPRECATED_OBJC_IMPLEMENTATIONS = YES;
				CLANG_WARN_DIRECT_OBJC_ISA_USAGE = YES_ERROR;
				CLANG_WARN_DOCUMENTATION_COMMENTS = YES;
				CLANG_WARN_EMPTY_BODY = YES;
				CLANG_WARN_ENUM_CONVERSION = YES;
				CLANG_WARN_INFINITE_RECURSION = YES;
				CLANG_WARN_INT_CONVERSION = YES;
				CLANG_WARN_NON_LITERAL_NULL_CONVERSION = YES;
				CLANG_WARN_OBJC_IMPLICIT_RETAIN_SELF = YES;
				CLANG_WARN_OBJC_LITERAL_CONVERSION = YES;
				CLANG_WARN_OBJC_ROOT_CLASS = YES_ERROR;
				CLANG_WARN_QUOTED_INCLUDE_IN_FRAMEWORK_HEADER = YES;
				CLANG_WARN_RANGE_LOOP_ANALYSIS = YES;
				CLANG_WARN_STRICT_PROTOTYPES = YES;
				CLANG_WARN_SUSPICIOUS_MOVE = YES;
				CLANG_WARN_UNGUARDED_AVAILABILITY = YES_AGGRESSIVE;
				CLANG_WARN_UNREACHABLE_CODE = YES;
				CLANG_WARN__DUPLICATE_METHOD_MATCH = YES;
				COPY_PHASE_STRIP = NO;
				DEBUG_INFORMATION_FORMAT = "dwarf-with-dsym";
				ENABLE_NS_ASSERTIONS = NO;
				ENABLE_STRICT_OBJC_MSGSEND = YES;
				ENABLE_USER_SCRIPT_SANDBOXING = YES;
				GCC_C_LANGUAGE_STANDARD = gnu17;
				GCC_NO_COMMON_BLOCKS = YES;
				GCC_WARN_64_TO_32_BIT_CONVERSION = YES;
				GCC_WARN_ABOUT_RETURN_TYPE = YES_ERROR;
				GCC_WARN_UNDECLARED_SELECTOR = YES;
				GCC_WARN_UNINITIALIZED_AUTOS = YES_AGGRESSIVE;
				GCC_WARN_UNUSED_FUNCTION = YES;
				GCC_WARN_UNUSED_VARIABLE = YES;
				IPHONEOS_DEPLOYMENT_TARGET = 18.2;
				LOCALIZATION_PREFERS_STRING_CATALOGS = YES;
				MTL_ENABLE_DEBUG_INFO = NO;
				MTL_FAST_MATH = YES;
				SDKROOT = iphoneos;
				SWIFT_COMPILATION_MODE = wholemodule;
				VALIDATE_PRODUCT = YES;
			};
			name = Release;
		};
		C40AA5962EBEDF4A00814384 /* Debug */ = {
			isa = XCBuildConfiguration;
			buildSettings = {
				BUNDLE_LOADER = "$(TEST_HOST)";
				CODE_SIGN_STYLE = Automatic;
				CURRENT_PROJECT_VERSION = 1;
				DEVELOPMENT_TEAM = LLASAA3684;
				GENERATE_INFOPLIST_FILE = YES;
				IPHONEOS_DEPLOYMENT_TARGET = 18.2;
				MARKETING_VERSION = 1.0;
				PRODUCT_BUNDLE_IDENTIFIER = "-97.LootloggerTests";
				PRODUCT_NAME = "$(TARGET_NAME)";
				SWIFT_EMIT_LOC_STRINGS = NO;
				SWIFT_VERSION = 5.0;
				TARGETED_DEVICE_FAMILY = "1,2";
				TEST_HOST = "$(BUILT_PRODUCTS_DIR)/Lootlogger.app/$(BUNDLE_EXECUTABLE_FOLDER_PATH)/Lootlogger";
			};
			name = Debug;
		};
		C40AA5972EBEDF4A00814384 /* Release */ = {
			isa = XCBuildConfiguration;
			buildSettings = {
				BUNDLE_LOADER = "$(TEST_HOST)";
				CODE_SIGN_STYLE = Automatic;
				CURRENT_PROJECT_VERSION = 1;
				DEVELOPMENT_TEAM = LLASAA3684;
				GENERATE_INFOPLIST_FILE = YES;
				IPHONEOS_DEPLOYMENT_TARGET = 18.2;
				MARKETING_VERSION = 1.0;
				PRODUCT_BUNDLE_IDENTIFIER = "-97.LootloggerTests";
				PRODUCT_NAME = "$(TARGET_NAME)";
				SWIFT_EMIT_LOC_STRINGS = NO;
				SWIFT_VERSION = 5.0;
				TARGETED_DEVICE_FAMILY = "1,2";
				TEST_HOST = "$(BUILT_PRODUCTS_DIR)/Lootlogger.app/$(BUNDLE_EXECUTABLE_FOLDER_PATH)/Lootlogger";
			};
			name = Release;
		};
		C40AA5992EBEDF4A00814384 /* Debug */ = {
			isa = XCBuildConfiguration;
			buildSettings = {
				CODE_SIGN_STYLE = Automatic;
				CURRENT_PROJECT_VERSION = 1;
				DEVELOPMENT_TEAM = LLASAA3684;
				GENERATE_INFOPLIST_FILE = YES;
				MARKETING_VERSION = 1.0;
				PRODUCT_BUNDLE_IDENTIFIER = "-97.LootloggerUITests";
				PRODUCT_NAME = "$(TARGET_NAME)";
				SWIFT_EMIT_LOC_STRINGS = NO;
				SWIFT_VERSION = 5.0;
				TARGETED_DEVICE_FAMILY = "1,2";
				TEST_TARGET_NAME = Lootlogger;
			};
			name = Debug;
		};
		C40AA59A2EBEDF4A00814384 /* Release */ = {
			isa = XCBuildConfiguration;
			buildSettings = {
				CODE_SIGN_STYLE = Automatic;
				CURRENT_PROJECT_VERSION = 1;
				DEVELOPMENT_TEAM = LLASAA3684;
				GENERATE_INFOPLIST_FILE = YES;
				MARKETING_VERSION = 1.0;
				PRODUCT_BUNDLE_IDENTIFIER = "-97.LootloggerUITests";
				PRODUCT_NAME = "$(TARGET_NAME)";
				SWIFT_EMIT_LOC_STRINGS = NO;
				SWIFT_VERSION = 5.0;
				TARGETED_DEVICE_FAMILY = "1,2";
				TEST_TARGET_NAME = Lootlogger;
			};
			name = Release;
		};
/* End XCBuildConfiguration section */

/* Begin XCConfigurationList section */
		C40AA5622EBEDF4900814384 /* Build configuration list for PBXProject "Lootlogger" */ = {
			isa = XCConfigurationList;
			buildConfigurations = (
				C40AA5932EBEDF4A00814384 /* Debug */,
				C40AA5942EBEDF4A00814384 /* Release */,
			);
			defaultConfigurationIsVisible = 0;
			defaultConfigurationName = Release;
		};
		C40AA5902EBEDF4A00814384 /* Build configuration list for PBXNativeTarget "Lootlogger" */ = {
			isa = XCConfigurationList;
			buildConfigurations = (
				C40AA5912EBEDF4A00814384 /* Debug */,
				C40AA5922EBEDF4A00814384 /* Release */,
			);
			defaultConfigurationIsVisible = 0;
			defaultConfigurationName = Release;
		};
		C40AA5952EBEDF4A00814384 /* Build configuration list for PBXNativeTarget "LootloggerTests" */ = {
			isa = XCConfigurationList;
			buildConfigurations = (
				C40AA5962EBEDF4A00814384 /* Debug */,
				C40AA5972EBEDF4A00814384 /* Release */,
			);
			defaultConfigurationIsVisible = 0;
			defaultConfigurationName = Release;
		};
		C40AA5982EBEDF4A00814384 /* Build configuration list for PBXNativeTarget "LootloggerUITests" */ = {
			isa = XCConfigurationList;
			buildConfigurations = (
				C40AA5992EBEDF4A00814384 /* Debug */,
				C40AA59A2EBEDF4A00814384 /* Release */,
			);
			defaultConfigurationIsVisible = 0;
			defaultConfigurationName = Release;
		};
/* End XCConfigurationList section */
	};
	rootObject = C40AA55F2EBEDF4900814384 /* Project object */;
}
